
Microsoft Visual Studio Solution File, Format Version 12.00
# Visual Studio Version 16
VisualStudioVersion = 16.0.28407.52
MinimumVisualStudioVersion = 10.0.40219.1
Project("{FAE04EC0-301F-11D3-BF4B-00C04F79EFBC}") = "MHG.ConfigTransformations", "MHG.ConfigTransformations\MHG.ConfigTransformations.csproj", "{845C8077-B77C-404A-BF8C-84CD342078A8}"
EndProject
Global
	GlobalSection(SolutionConfigurationPlatforms) = preSolution
		Debug|Any CPU = Debug|Any CPU
		Release|Any CPU = Release|Any CPU
	EndGlobalSection
	GlobalSection(ProjectConfigurationPlatforms) = postSolution
		{845C8077-B77C-404A-BF8C-84CD342078A8}.Debug|Any CPU.ActiveCfg = Debug|Any CPU
		{845C8077-B77C-404A-BF8C-84CD342078A8}.Debug|Any CPU.Build.0 = Debug|Any CPU
		{845C8077-B77C-404A-BF8C-84CD342078A8}.Release|Any CPU.ActiveCfg = Release|Any CPU
		{845C8077-B77C-404A-BF8C-84CD342078A8}.Release|Any CPU.Build.0 = Release|Any CPU
	EndGlobalSection
	GlobalSection(SolutionProperties) = preSolution
		HideSolutionNode = FALSE
	EndGlobalSection
	GlobalSection(ExtensibilityGlobals) = postSolution
		SolutionGuid = {6EF874EC-FB31-478E-A209-AB1FB0DDF04B}
	EndGlobalSection
EndGlobal
